// !$*UTF8*$!
{
	archiveVersion = 1;
	classes = {
	};
	objectVersion = 50;
	objects = {

/* Begin PBXBuildFile section */
		5744991E2356CFB000147D81 /* AppDelegate.swift in Sources */ = {isa = PBXBuildFile; fileRef = 5744991D2356CFB000147D81 /* AppDelegate.swift */; };
		574499202356CFB000147D81 /* SceneDelegate.swift in Sources */ = {isa = PBXBuildFile; fileRef = 5744991F2356CFB000147D81 /* SceneDelegate.swift */; };
		5744992A2356CFBE00147D81 /* LaunchScreen.storyboard in Resources */ = {isa = PBXBuildFile; fileRef = 574499282356CFBE00147D81 /* LaunchScreen.storyboard */; };
		D650F2E4235945C8009FEF4E /* Volunteer.swift in Sources */ = {isa = PBXBuildFile; fileRef = D650F2E3235945C8009FEF4E /* Volunteer.swift */; };
		D650F2E6235948DC009FEF4E /* Token.swift in Sources */ = {isa = PBXBuildFile; fileRef = D650F2E5235948DC009FEF4E /* Token.swift */; };
		D650F2E823594B57009FEF4E /* Food.swift in Sources */ = {isa = PBXBuildFile; fileRef = D650F2E723594B57009FEF4E /* Food.swift */; };
		D650F2EA23594F89009FEF4E /* Business.swift in Sources */ = {isa = PBXBuildFile; fileRef = D650F2E923594F89009FEF4E /* Business.swift */; };
		D667E43223581A6C005CBCB3 /* VolunteerLogin.storyboard in Resources */ = {isa = PBXBuildFile; fileRef = D667E43123581A6C005CBCB3 /* VolunteerLogin.storyboard */; };
		D667E43423581A74005CBCB3 /* RegisterSelection.storyboard in Resources */ = {isa = PBXBuildFile; fileRef = D667E43323581A74005CBCB3 /* RegisterSelection.storyboard */; };
		D667E43623581A7D005CBCB3 /* BusinessLogin.storyboard in Resources */ = {isa = PBXBuildFile; fileRef = D667E43523581A7D005CBCB3 /* BusinessLogin.storyboard */; };
		D6A0C5AD2359684800D9B7E6 /* LoginController.swift in Sources */ = {isa = PBXBuildFile; fileRef = D6A0C5AC2359684800D9B7E6 /* LoginController.swift */; };
		D6A0C5B1235B716B00D9B7E6 /* VolunteerLoginViewController.swift in Sources */ = {isa = PBXBuildFile; fileRef = D6A0C5B0235B716B00D9B7E6 /* VolunteerLoginViewController.swift */; };
		D6A0C5B3235B717500D9B7E6 /* BusinessLoginViewController.swift in Sources */ = {isa = PBXBuildFile; fileRef = D6A0C5B2235B717500D9B7E6 /* BusinessLoginViewController.swift */; };
		D6A0C5B7235B77B800D9B7E6 /* Assets.xcassets in Resources */ = {isa = PBXBuildFile; fileRef = D6A0C5B6235B77B800D9B7E6 /* Assets.xcassets */; };
		E3088C592358773D006F5B9D /* BusinessSignUpStoryboard.storyboard in Resources */ = {isa = PBXBuildFile; fileRef = E3088C5B2358773D006F5B9D /* BusinessSignUpStoryboard.storyboard */; };
		E3088C612358DC43006F5B9D /* VolunteerSignUpStoryboard.storyboard in Resources */ = {isa = PBXBuildFile; fileRef = E3088C5F2358DC43006F5B9D /* VolunteerSignUpStoryboard.storyboard */; };
		E3088C632358DC72006F5B9D /* BusinessSignUpViewController.swift in Sources */ = {isa = PBXBuildFile; fileRef = E3088C622358DC72006F5B9D /* BusinessSignUpViewController.swift */; };
		F318540E2358D5D900AC829D /* VolunteerDashboardTableViewController.swift in Sources */ = {isa = PBXBuildFile; fileRef = F318540D2358D5D900AC829D /* VolunteerDashboardTableViewController.swift */; };
		F31854102358D62C00AC829D /* VolunteerScheduleTableViewController.swift in Sources */ = {isa = PBXBuildFile; fileRef = F318540F2358D62C00AC829D /* VolunteerScheduleTableViewController.swift */; };
		F31854122358D65700AC829D /* PickupDetailViewController.swift in Sources */ = {isa = PBXBuildFile; fileRef = F31854112358D65700AC829D /* PickupDetailViewController.swift */; };
		F31854142358DDB200AC829D /* BusinessDashBoardTableViewController.swift in Sources */ = {isa = PBXBuildFile; fileRef = F31854132358DDB200AC829D /* BusinessDashBoardTableViewController.swift */; };
		F31854162358EA1700AC829D /* TestCell.swift in Sources */ = {isa = PBXBuildFile; fileRef = F31854152358EA1700AC829D /* TestCell.swift */; };
		F31854182358EB9100AC829D /* DonationTableViewCell.swift in Sources */ = {isa = PBXBuildFile; fileRef = F31854172358EB9100AC829D /* DonationTableViewCell.swift */; };
		F318541A2358F0E500AC829D /* DonationDetailViewController.swift in Sources */ = {isa = PBXBuildFile; fileRef = F31854192358F0E500AC829D /* DonationDetailViewController.swift */; };
		F318541C2358F10300AC829D /* AddEditDonationViewController.swift in Sources */ = {isa = PBXBuildFile; fileRef = F318541B2358F10300AC829D /* AddEditDonationViewController.swift */; };
		F318541E2358F12100AC829D /* DatePickerViewController.swift in Sources */ = {isa = PBXBuildFile; fileRef = F318541D2358F12100AC829D /* DatePickerViewController.swift */; };
		F39A4CD92358F9B900E58609 /* BusinessDashboard.storyboard in Resources */ = {isa = PBXBuildFile; fileRef = F39A4CDB2358F9B900E58609 /* BusinessDashboard.storyboard */; };
		F39A4CE12358F9EE00E58609 /* Main.storyboard in Resources */ = {isa = PBXBuildFile; fileRef = F39A4CE02358F9E100E58609 /* Main.storyboard */; };
		F39C8EF32358BFEE0025CEE6 /* ShadowView.swift in Sources */ = {isa = PBXBuildFile; fileRef = F39C8EF22358BFEE0025CEE6 /* ShadowView.swift */; };
		F39C8EF92358C8870025CEE6 /* VolunteerDashboard.storyboard in Resources */ = {isa = PBXBuildFile; fileRef = F39C8EF82358C8870025CEE6 /* VolunteerDashboard.storyboard */; };
/* End PBXBuildFile section */

/* Begin PBXFileReference section */
		5744991A2356CFB000147D81 /* Replate.app */ = {isa = PBXFileReference; explicitFileType = wrapper.application; includeInIndex = 0; path = Replate.app; sourceTree = BUILT_PRODUCTS_DIR; };
		5744991D2356CFB000147D81 /* AppDelegate.swift */ = {isa = PBXFileReference; lastKnownFileType = sourcecode.swift; path = AppDelegate.swift; sourceTree = "<group>"; };
		5744991F2356CFB000147D81 /* SceneDelegate.swift */ = {isa = PBXFileReference; lastKnownFileType = sourcecode.swift; path = SceneDelegate.swift; sourceTree = "<group>"; };
		574499292356CFBE00147D81 /* Base */ = {isa = PBXFileReference; lastKnownFileType = file.storyboard; name = Base; path = Base.lproj/LaunchScreen.storyboard; sourceTree = "<group>"; };
		5744992B2356CFBE00147D81 /* Info.plist */ = {isa = PBXFileReference; lastKnownFileType = text.plist.xml; path = Info.plist; sourceTree = "<group>"; };
		D650F2E3235945C8009FEF4E /* Volunteer.swift */ = {isa = PBXFileReference; lastKnownFileType = sourcecode.swift; path = Volunteer.swift; sourceTree = "<group>"; };
		D650F2E5235948DC009FEF4E /* Token.swift */ = {isa = PBXFileReference; lastKnownFileType = sourcecode.swift; path = Token.swift; sourceTree = "<group>"; };
		D650F2E723594B57009FEF4E /* Food.swift */ = {isa = PBXFileReference; lastKnownFileType = sourcecode.swift; path = Food.swift; sourceTree = "<group>"; };
		D650F2E923594F89009FEF4E /* Business.swift */ = {isa = PBXFileReference; lastKnownFileType = sourcecode.swift; path = Business.swift; sourceTree = "<group>"; };
		D667E43123581A6C005CBCB3 /* VolunteerLogin.storyboard */ = {isa = PBXFileReference; fileEncoding = 4; lastKnownFileType = file.storyboard; path = VolunteerLogin.storyboard; sourceTree = "<group>"; };
		D667E43323581A74005CBCB3 /* RegisterSelection.storyboard */ = {isa = PBXFileReference; fileEncoding = 4; lastKnownFileType = file.storyboard; path = RegisterSelection.storyboard; sourceTree = "<group>"; };
		D667E43523581A7D005CBCB3 /* BusinessLogin.storyboard */ = {isa = PBXFileReference; fileEncoding = 4; lastKnownFileType = file.storyboard; path = BusinessLogin.storyboard; sourceTree = "<group>"; };
		D6A0C5AC2359684800D9B7E6 /* LoginController.swift */ = {isa = PBXFileReference; lastKnownFileType = sourcecode.swift; path = LoginController.swift; sourceTree = "<group>"; };
		D6A0C5B0235B716B00D9B7E6 /* VolunteerLoginViewController.swift */ = {isa = PBXFileReference; lastKnownFileType = sourcecode.swift; path = VolunteerLoginViewController.swift; sourceTree = "<group>"; };
		D6A0C5B2235B717500D9B7E6 /* BusinessLoginViewController.swift */ = {isa = PBXFileReference; lastKnownFileType = sourcecode.swift; path = BusinessLoginViewController.swift; sourceTree = "<group>"; };
		D6A0C5B6235B77B800D9B7E6 /* Assets.xcassets */ = {isa = PBXFileReference; lastKnownFileType = folder.assetcatalog; name = Assets.xcassets; path = ../../../../../../.Trash/Assets.xcassets; sourceTree = "<group>"; };
		E3088C5A2358773D006F5B9D /* Base */ = {isa = PBXFileReference; lastKnownFileType = file.storyboard; name = Base; path = Base.lproj/BusinessSignUpStoryboard.storyboard; sourceTree = "<group>"; };
		E3088C602358DC43006F5B9D /* Base */ = {isa = PBXFileReference; lastKnownFileType = file.storyboard; name = Base; path = Replate/Storyboards/Base.lproj/VolunteerSignUpStoryboard.storyboard; sourceTree = "<group>"; };
		E3088C622358DC72006F5B9D /* BusinessSignUpViewController.swift */ = {isa = PBXFileReference; lastKnownFileType = sourcecode.swift; path = BusinessSignUpViewController.swift; sourceTree = "<group>"; };
		F318540D2358D5D900AC829D /* VolunteerDashboardTableViewController.swift */ = {isa = PBXFileReference; lastKnownFileType = sourcecode.swift; path = VolunteerDashboardTableViewController.swift; sourceTree = "<group>"; };
		F318540F2358D62C00AC829D /* VolunteerScheduleTableViewController.swift */ = {isa = PBXFileReference; lastKnownFileType = sourcecode.swift; path = VolunteerScheduleTableViewController.swift; sourceTree = "<group>"; };
		F31854112358D65700AC829D /* PickupDetailViewController.swift */ = {isa = PBXFileReference; lastKnownFileType = sourcecode.swift; path = PickupDetailViewController.swift; sourceTree = "<group>"; };
		F31854132358DDB200AC829D /* BusinessDashBoardTableViewController.swift */ = {isa = PBXFileReference; lastKnownFileType = sourcecode.swift; path = BusinessDashBoardTableViewController.swift; sourceTree = "<group>"; };
		F31854152358EA1700AC829D /* TestCell.swift */ = {isa = PBXFileReference; lastKnownFileType = sourcecode.swift; path = TestCell.swift; sourceTree = "<group>"; };
		F31854172358EB9100AC829D /* DonationTableViewCell.swift */ = {isa = PBXFileReference; lastKnownFileType = sourcecode.swift; path = DonationTableViewCell.swift; sourceTree = "<group>"; };
		F31854192358F0E500AC829D /* DonationDetailViewController.swift */ = {isa = PBXFileReference; lastKnownFileType = sourcecode.swift; path = DonationDetailViewController.swift; sourceTree = "<group>"; };
		F318541B2358F10300AC829D /* AddEditDonationViewController.swift */ = {isa = PBXFileReference; lastKnownFileType = sourcecode.swift; path = AddEditDonationViewController.swift; sourceTree = "<group>"; };
		F318541D2358F12100AC829D /* DatePickerViewController.swift */ = {isa = PBXFileReference; lastKnownFileType = sourcecode.swift; path = DatePickerViewController.swift; sourceTree = "<group>"; };
		F39A4CDA2358F9B900E58609 /* Base */ = {isa = PBXFileReference; lastKnownFileType = file.storyboard; name = Base; path = Base.lproj/BusinessDashboard.storyboard; sourceTree = "<group>"; };
		F39A4CDF2358F9E100E58609 /* Base */ = {isa = PBXFileReference; lastKnownFileType = file.storyboard; name = Base; path = Base.lproj/Main.storyboard; sourceTree = "<group>"; };
		F39C8EF22358BFEE0025CEE6 /* ShadowView.swift */ = {isa = PBXFileReference; lastKnownFileType = sourcecode.swift; path = ShadowView.swift; sourceTree = "<group>"; };
		F39C8EF82358C8870025CEE6 /* VolunteerDashboard.storyboard */ = {isa = PBXFileReference; fileEncoding = 4; lastKnownFileType = file.storyboard; path = VolunteerDashboard.storyboard; sourceTree = "<group>"; };
/* End PBXFileReference section */

/* Begin PBXFrameworksBuildPhase section */
		574499172356CFB000147D81 /* Frameworks */ = {
			isa = PBXFrameworksBuildPhase;
			buildActionMask = 2147483647;
			files = (
			);
			runOnlyForDeploymentPostprocessing = 0;
		};
/* End PBXFrameworksBuildPhase section */

/* Begin PBXGroup section */
		574499112356CFAF00147D81 = {
			isa = PBXGroup;
			children = (
				5744991C2356CFB000147D81 /* Replate */,
				5744991B2356CFB000147D81 /* Products */,
			);
			sourceTree = "<group>";
		};
		5744991B2356CFB000147D81 /* Products */ = {
			isa = PBXGroup;
			children = (
				5744991A2356CFB000147D81 /* Replate.app */,
			);
			name = Products;
			sourceTree = "<group>";
		};
		5744991C2356CFB000147D81 /* Replate */ = {
			isa = PBXGroup;
			children = (
				D667E4252357F88F005CBCB3 /* Models */,
				D6A0C5AB2359683100D9B7E6 /* Model Controllers */,
				D6A0C5A62359678C00D9B7E6 /* Views */,
				E3088C5623581890006F5B9D /* View Controllers */,
				E3088C5C2358DBCC006F5B9D /* Storyboards */,
				5744991D2356CFB000147D81 /* AppDelegate.swift */,
				D6A0C5B6235B77B800D9B7E6 /* Assets.xcassets */,
				5744991F2356CFB000147D81 /* SceneDelegate.swift */,
				5744992B2356CFBE00147D81 /* Info.plist */,
			);
			path = Replate;
			sourceTree = "<group>";
		};
		D667E4252357F88F005CBCB3 /* Models */ = {
			isa = PBXGroup;
			children = (
				D650F2E5235948DC009FEF4E /* Token.swift */,
				D650F2E3235945C8009FEF4E /* Volunteer.swift */,
				D650F2E923594F89009FEF4E /* Business.swift */,
				D650F2E723594B57009FEF4E /* Food.swift */,
			);
			path = Models;
			sourceTree = "<group>";
		};
		D6A0C5A62359678C00D9B7E6 /* Views */ = {
			isa = PBXGroup;
			children = (
				F31854152358EA1700AC829D /* TestCell.swift */,
				F31854172358EB9100AC829D /* DonationTableViewCell.swift */,
				F39C8EF22358BFEE0025CEE6 /* ShadowView.swift */,
			);
			path = Views;
			sourceTree = "<group>";
		};
		D6A0C5AB2359683100D9B7E6 /* Model Controllers */ = {
			isa = PBXGroup;
			children = (
				D6A0C5AC2359684800D9B7E6 /* LoginController.swift */,
			);
			path = "Model Controllers";
			sourceTree = "<group>";
		};
		E3088C5623581890006F5B9D /* View Controllers */ = {
			isa = PBXGroup;
			children = (
				F31854132358DDB200AC829D /* BusinessDashBoardTableViewController.swift */,
				F318541B2358F10300AC829D /* AddEditDonationViewController.swift */,
				F318541D2358F12100AC829D /* DatePickerViewController.swift */,
				E3088C622358DC72006F5B9D /* BusinessSignUpViewController.swift */,
				F31854192358F0E500AC829D /* DonationDetailViewController.swift */,
				F318540D2358D5D900AC829D /* VolunteerDashboardTableViewController.swift */,
				F31854112358D65700AC829D /* PickupDetailViewController.swift */,
				F318540F2358D62C00AC829D /* VolunteerScheduleTableViewController.swift */,
				D6A0C5B0235B716B00D9B7E6 /* VolunteerLoginViewController.swift */,
				D6A0C5B2235B717500D9B7E6 /* BusinessLoginViewController.swift */,
			);
			path = "View Controllers";
			sourceTree = "<group>";
		};
		E3088C5C2358DBCC006F5B9D /* Storyboards */ = {
			isa = PBXGroup;
			children = (
				F39A4CE02358F9E100E58609 /* Main.storyboard */,
				574499282356CFBE00147D81 /* LaunchScreen.storyboard */,
				E3088C5F2358DC43006F5B9D /* VolunteerSignUpStoryboard.storyboard */,
				E3088C5B2358773D006F5B9D /* BusinessSignUpStoryboard.storyboard */,
				F39C8EF82358C8870025CEE6 /* VolunteerDashboard.storyboard */,
				F39A4CDB2358F9B900E58609 /* BusinessDashboard.storyboard */,
				D667E43523581A7D005CBCB3 /* BusinessLogin.storyboard */,
				D667E43123581A6C005CBCB3 /* VolunteerLogin.storyboard */,
				D667E43323581A74005CBCB3 /* RegisterSelection.storyboard */,
			);
			path = Storyboards;
			sourceTree = "<group>";
		};
/* End PBXGroup section */

/* Begin PBXNativeTarget section */
		574499192356CFB000147D81 /* Replate */ = {
			isa = PBXNativeTarget;
			buildConfigurationList = 5744992E2356CFBE00147D81 /* Build configuration list for PBXNativeTarget "Replate" */;
			buildPhases = (
				574499162356CFB000147D81 /* Sources */,
				574499172356CFB000147D81 /* Frameworks */,
				574499182356CFB000147D81 /* Resources */,
			);
			buildRules = (
			);
			dependencies = (
			);
			name = Replate;
			productName = Replate;
			productReference = 5744991A2356CFB000147D81 /* Replate.app */;
			productType = "com.apple.product-type.application";
		};
/* End PBXNativeTarget section */

/* Begin PBXProject section */
		574499122356CFAF00147D81 /* Project object */ = {
			isa = PBXProject;
			attributes = {
				LastSwiftUpdateCheck = 1100;
				LastUpgradeCheck = 1100;
				ORGANIZATIONNAME = "Victor ";
				TargetAttributes = {
					574499192356CFB000147D81 = {
						CreatedOnToolsVersion = 11.0;
					};
				};
			};
			buildConfigurationList = 574499152356CFAF00147D81 /* Build configuration list for PBXProject "Replate" */;
			compatibilityVersion = "Xcode 9.3";
			developmentRegion = en;
			hasScannedForEncodings = 0;
			knownRegions = (
				en,
				Base,
			);
			mainGroup = 574499112356CFAF00147D81;
			productRefGroup = 5744991B2356CFB000147D81 /* Products */;
			projectDirPath = "";
			projectRoot = "";
			targets = (
				574499192356CFB000147D81 /* Replate */,
			);
		};
/* End PBXProject section */

/* Begin PBXResourcesBuildPhase section */
		574499182356CFB000147D81 /* Resources */ = {
			isa = PBXResourcesBuildPhase;
			buildActionMask = 2147483647;
			files = (
				D667E43623581A7D005CBCB3 /* BusinessLogin.storyboard in Resources */,
				E3088C612358DC43006F5B9D /* VolunteerSignUpStoryboard.storyboard in Resources */,
				F39C8EF92358C8870025CEE6 /* VolunteerDashboard.storyboard in Resources */,
				F39A4CE12358F9EE00E58609 /* Main.storyboard in Resources */,
				D6A0C5B7235B77B800D9B7E6 /* Assets.xcassets in Resources */,
				5744992A2356CFBE00147D81 /* LaunchScreen.storyboard in Resources */,
				D667E43223581A6C005CBCB3 /* VolunteerLogin.storyboard in Resources */,
				E3088C592358773D006F5B9D /* BusinessSignUpStoryboard.storyboard in Resources */,
				D667E43423581A74005CBCB3 /* RegisterSelection.storyboard in Resources */,
				F39A4CD92358F9B900E58609 /* BusinessDashboard.storyboard in Resources */,
			);
			runOnlyForDeploymentPostprocessing = 0;
		};
/* End PBXResourcesBuildPhase section */

/* Begin PBXSourcesBuildPhase section */
		574499162356CFB000147D81 /* Sources */ = {
			isa = PBXSourcesBuildPhase;
			buildActionMask = 2147483647;
			files = (
				D6A0C5B1235B716B00D9B7E6 /* VolunteerLoginViewController.swift in Sources */,
				F39C8EF32358BFEE0025CEE6 /* ShadowView.swift in Sources */,
				F31854182358EB9100AC829D /* DonationTableViewCell.swift in Sources */,
				F31854162358EA1700AC829D /* TestCell.swift in Sources */,
				D6A0C5B3235B717500D9B7E6 /* BusinessLoginViewController.swift in Sources */,
				F318540E2358D5D900AC829D /* VolunteerDashboardTableViewController.swift in Sources */,
				F31854122358D65700AC829D /* PickupDetailViewController.swift in Sources */,
				F318541A2358F0E500AC829D /* DonationDetailViewController.swift in Sources */,
				D6A0C5AD2359684800D9B7E6 /* LoginController.swift in Sources */,
				F31854102358D62C00AC829D /* VolunteerScheduleTableViewController.swift in Sources */,
				5744991E2356CFB000147D81 /* AppDelegate.swift in Sources */,
				E3088C632358DC72006F5B9D /* BusinessSignUpViewController.swift in Sources */,
				F318541E2358F12100AC829D /* DatePickerViewController.swift in Sources */,
				574499202356CFB000147D81 /* SceneDelegate.swift in Sources */,
				D650F2E823594B57009FEF4E /* Food.swift in Sources */,
				D650F2EA23594F89009FEF4E /* Business.swift in Sources */,
				D650F2E4235945C8009FEF4E /* Volunteer.swift in Sources */,
				D650F2E6235948DC009FEF4E /* Token.swift in Sources */,
				F31854142358DDB200AC829D /* BusinessDashBoardTableViewController.swift in Sources */,
				F318541C2358F10300AC829D /* AddEditDonationViewController.swift in Sources */,
			);
			runOnlyForDeploymentPostprocessing = 0;
		};
/* End PBXSourcesBuildPhase section */

/* Begin PBXVariantGroup section */
		574499282356CFBE00147D81 /* LaunchScreen.storyboard */ = {
			isa = PBXVariantGroup;
			children = (
				574499292356CFBE00147D81 /* Base */,
			);
			name = LaunchScreen.storyboard;
			sourceTree = "<group>";
		};
		E3088C5B2358773D006F5B9D /* BusinessSignUpStoryboard.storyboard */ = {
			isa = PBXVariantGroup;
			children = (
				E3088C5A2358773D006F5B9D /* Base */,
			);
			name = BusinessSignUpStoryboard.storyboard;
			sourceTree = "<group>";
		};
		E3088C5F2358DC43006F5B9D /* VolunteerSignUpStoryboard.storyboard */ = {
			isa = PBXVariantGroup;
			children = (
				E3088C602358DC43006F5B9D /* Base */,
			);
			name = VolunteerSignUpStoryboard.storyboard;
			sourceTree = "<group>";
		};
		F39A4CDB2358F9B900E58609 /* BusinessDashboard.storyboard */ = {
			isa = PBXVariantGroup;
			children = (
				F39A4CDA2358F9B900E58609 /* Base */,
			);
			name = BusinessDashboard.storyboard;
			sourceTree = "<group>";
		};
		F39A4CE02358F9E100E58609 /* Main.storyboard */ = {
			isa = PBXVariantGroup;
			children = (
				F39A4CDF2358F9E100E58609 /* Base */,
			);
			name = Main.storyboard;
			sourceTree = "<group>";
		};
/* End PBXVariantGroup section */

/* Begin XCBuildConfiguration section */
		5744992C2356CFBE00147D81 /* Debug */ = {
			isa = XCBuildConfiguration;
			buildSettings = {
				ALWAYS_SEARCH_USER_PATHS = NO;
				CLANG_ANALYZER_NONNULL = YES;
				CLANG_ANALYZER_NUMBER_OBJECT_CONVERSION = YES_AGGRESSIVE;
				CLANG_CXX_LANGUAGE_STANDARD = "gnu++14";
				CLANG_CXX_LIBRARY = "libc++";
				CLANG_ENABLE_MODULES = YES;
				CLANG_ENABLE_OBJC_ARC = YES;
				CLANG_ENABLE_OBJC_WEAK = YES;
				CLANG_WARN_BLOCK_CAPTURE_AUTORELEASING = YES;
				CLANG_WARN_BOOL_CONVERSION = YES;
				CLANG_WARN_COMMA = YES;
				CLANG_WARN_CONSTANT_CONVERSION = YES;
				CLANG_WARN_DEPRECATED_OBJC_IMPLEMENTATIONS = YES;
				CLANG_WARN_DIRECT_OBJC_ISA_USAGE = YES_ERROR;
				CLANG_WARN_DOCUMENTATION_COMMENTS = YES;
				CLANG_WARN_EMPTY_BODY = YES;
				CLANG_WARN_ENUM_CONVERSION = YES;
				CLANG_WARN_INFINITE_RECURSION = YES;
				CLANG_WARN_INT_CONVERSION = YES;
				CLANG_WARN_NON_LITERAL_NULL_CONVERSION = YES;
				CLANG_WARN_OBJC_IMPLICIT_RETAIN_SELF = YES;
				CLANG_WARN_OBJC_LITERAL_CONVERSION = YES;
				CLANG_WARN_OBJC_ROOT_CLASS = YES_ERROR;
				CLANG_WARN_RANGE_LOOP_ANALYSIS = YES;
				CLANG_WARN_STRICT_PROTOTYPES = YES;
				CLANG_WARN_SUSPICIOUS_MOVE = YES;
				CLANG_WARN_UNGUARDED_AVAILABILITY = YES_AGGRESSIVE;
				CLANG_WARN_UNREACHABLE_CODE = YES;
				CLANG_WARN__DUPLICATE_METHOD_MATCH = YES;
				COPY_PHASE_STRIP = NO;
				DEBUG_INFORMATION_FORMAT = dwarf;
				ENABLE_STRICT_OBJC_MSGSEND = YES;
				ENABLE_TESTABILITY = YES;
				GCC_C_LANGUAGE_STANDARD = gnu11;
				GCC_DYNAMIC_NO_PIC = NO;
				GCC_NO_COMMON_BLOCKS = YES;
				GCC_OPTIMIZATION_LEVEL = 0;
				GCC_PREPROCESSOR_DEFINITIONS = (
					"DEBUG=1",
					"$(inherited)",
				);
				GCC_WARN_64_TO_32_BIT_CONVERSION = YES;
				GCC_WARN_ABOUT_RETURN_TYPE = YES_ERROR;
				GCC_WARN_UNDECLARED_SELECTOR = YES;
				GCC_WARN_UNINITIALIZED_AUTOS = YES_AGGRESSIVE;
				GCC_WARN_UNUSED_FUNCTION = YES;
				GCC_WARN_UNUSED_VARIABLE = YES;
				IPHONEOS_DEPLOYMENT_TARGET = 13.0;
				MTL_ENABLE_DEBUG_INFO = INCLUDE_SOURCE;
				MTL_FAST_MATH = YES;
				ONLY_ACTIVE_ARCH = YES;
				SDKROOT = iphoneos;
				SWIFT_ACTIVE_COMPILATION_CONDITIONS = DEBUG;
				SWIFT_OPTIMIZATION_LEVEL = "-Onone";
			};
			name = Debug;
		};
		5744992D2356CFBE00147D81 /* Release */ = {
			isa = XCBuildConfiguration;
			buildSettings = {
				ALWAYS_SEARCH_USER_PATHS = NO;
				CLANG_ANALYZER_NONNULL = YES;
				CLANG_ANALYZER_NUMBER_OBJECT_CONVERSION = YES_AGGRESSIVE;
				CLANG_CXX_LANGUAGE_STANDARD = "gnu++14";
				CLANG_CXX_LIBRARY = "libc++";
				CLANG_ENABLE_MODULES = YES;
				CLANG_ENABLE_OBJC_ARC = YES;
				CLANG_ENABLE_OBJC_WEAK = YES;
				CLANG_WARN_BLOCK_CAPTURE_AUTORELEASING = YES;
				CLANG_WARN_BOOL_CONVERSION = YES;
				CLANG_WARN_COMMA = YES;
				CLANG_WARN_CONSTANT_CONVERSION = YES;
				CLANG_WARN_DEPRECATED_OBJC_IMPLEMENTATIONS = YES;
				CLANG_WARN_DIRECT_OBJC_ISA_USAGE = YES_ERROR;
				CLANG_WARN_DOCUMENTATION_COMMENTS = YES;
				CLANG_WARN_EMPTY_BODY = YES;
				CLANG_WARN_ENUM_CONVERSION = YES;
				CLANG_WARN_INFINITE_RECURSION = YES;
				CLANG_WARN_INT_CONVERSION = YES;
				CLANG_WARN_NON_LITERAL_NULL_CONVERSION = YES;
				CLANG_WARN_OBJC_IMPLICIT_RETAIN_SELF = YES;
				CLANG_WARN_OBJC_LITERAL_CONVERSION = YES;
				CLANG_WARN_OBJC_ROOT_CLASS = YES_ERROR;
				CLANG_WARN_RANGE_LOOP_ANALYSIS = YES;
				CLANG_WARN_STRICT_PROTOTYPES = YES;
				CLANG_WARN_SUSPICIOUS_MOVE = YES;
				CLANG_WARN_UNGUARDED_AVAILABILITY = YES_AGGRESSIVE;
				CLANG_WARN_UNREACHABLE_CODE = YES;
				CLANG_WARN__DUPLICATE_METHOD_MATCH = YES;
				COPY_PHASE_STRIP = NO;
				DEBUG_INFORMATION_FORMAT = "dwarf-with-dsym";
				ENABLE_NS_ASSERTIONS = NO;
				ENABLE_STRICT_OBJC_MSGSEND = YES;
				GCC_C_LANGUAGE_STANDARD = gnu11;
				GCC_NO_COMMON_BLOCKS = YES;
				GCC_WARN_64_TO_32_BIT_CONVERSION = YES;
				GCC_WARN_ABOUT_RETURN_TYPE = YES_ERROR;
				GCC_WARN_UNDECLARED_SELECTOR = YES;
				GCC_WARN_UNINITIALIZED_AUTOS = YES_AGGRESSIVE;
				GCC_WARN_UNUSED_FUNCTION = YES;
				GCC_WARN_UNUSED_VARIABLE = YES;
				IPHONEOS_DEPLOYMENT_TARGET = 13.0;
				MTL_ENABLE_DEBUG_INFO = NO;
				MTL_FAST_MATH = YES;
				SDKROOT = iphoneos;
				SWIFT_COMPILATION_MODE = wholemodule;
				SWIFT_OPTIMIZATION_LEVEL = "-O";
				VALIDATE_PRODUCT = YES;
			};
			name = Release;
		};
		5744992F2356CFBE00147D81 /* Debug */ = {
			isa = XCBuildConfiguration;
			buildSettings = {
				ASSETCATALOG_COMPILER_APPICON_NAME = AppIcon;
				CODE_SIGN_STYLE = Automatic;
				DEVELOPMENT_TEAM = VXUQXR6S56;
				INFOPLIST_FILE = Replate/Info.plist;
				LD_RUNPATH_SEARCH_PATHS = (
					"$(inherited)",
					"@executable_path/Frameworks",
				);
				PRODUCT_BUNDLE_IDENTIFIER = vicxruiz.Replate;
				PRODUCT_NAME = "$(TARGET_NAME)";
				SWIFT_VERSION = 5.0;
				TARGETED_DEVICE_FAMILY = "1,2";
			};
			name = Debug;
		};
		574499302356CFBE00147D81 /* Release */ = {
			isa = XCBuildConfiguration;
			buildSettings = {
				ASSETCATALOG_COMPILER_APPICON_NAME = AppIcon;
				CODE_SIGN_STYLE = Automatic;
				DEVELOPMENT_TEAM = VXUQXR6S56;
				INFOPLIST_FILE = Replate/Info.plist;
				LD_RUNPATH_SEARCH_PATHS = (
					"$(inherited)",
					"@executable_path/Frameworks",
				);
				PRODUCT_BUNDLE_IDENTIFIER = vicxruiz.Replate;
				PRODUCT_NAME = "$(TARGET_NAME)";
				SWIFT_VERSION = 5.0;
				TARGETED_DEVICE_FAMILY = "1,2";
			};
			name = Release;
		};
/* End XCBuildConfiguration section */

/* Begin XCConfigurationList section */
		574499152356CFAF00147D81 /* Build configuration list for PBXProject "Replate" */ = {
			isa = XCConfigurationList;
			buildConfigurations = (
				5744992C2356CFBE00147D81 /* Debug */,
				5744992D2356CFBE00147D81 /* Release */,
			);
			defaultConfigurationIsVisible = 0;
			defaultConfigurationName = Release;
		};
		5744992E2356CFBE00147D81 /* Build configuration list for PBXNativeTarget "Replate" */ = {
			isa = XCConfigurationList;
			buildConfigurations = (
				5744992F2356CFBE00147D81 /* Debug */,
				574499302356CFBE00147D81 /* Release */,
			);
			defaultConfigurationIsVisible = 0;
			defaultConfigurationName = Release;
		};
/* End XCConfigurationList section */
	};
	rootObject = 574499122356CFAF00147D81 /* Project object */;
}
